
Microsoft Visual Studio Solution File, Format Version 12.00
# Visual Studio Version 16
VisualStudioVersion = 25.0.1706.7
MinimumVisualStudioVersion = 10.0.40219.1
Project("{FAE04EC0-301F-11D3-BF4B-00C04F79EFBC}") = "d", "d\d.csproj", "{33247F89-FB74-437B-8C13-D108EFB503D3}"
EndProject
Global
	GlobalSection(SolutionConfigurationPlatforms) = preSolution
		Debug|Any CPU = Debug|Any CPU
		Release|Any CPU = Release|Any CPU
	EndGlobalSection
	GlobalSection(ProjectConfigurationPlatforms) = postSolution
		{33247F89-FB74-437B-8C13-D108EFB503D3}.Debug|Any CPU.ActiveCfg = Debug|Any CPU
		{33247F89-FB74-437B-8C13-D108EFB503D3}.Debug|Any CPU.Build.0 = Debug|Any CPU
		{33247F89-FB74-437B-8C13-D108EFB503D3}.Release|Any CPU.ActiveCfg = Release|Any CPU
		{33247F89-FB74-437B-8C13-D108EFB503D3}.Release|Any CPU.Build.0 = Release|Any CPU
	EndGlobalSection
	GlobalSection(SolutionProperties) = preSolution
		HideSolutionNode = FALSE
	EndGlobalSection
	GlobalSection(ExtensibilityGlobals) = postSolution
		SolutionGuid = {515E77C7-F690-4B7F-B099-120BF7A693A9}
	EndGlobalSection
EndGlobal
