
Microsoft Visual Studio Solution File, Format Version 12.00
# Visual Studio Version 16
VisualStudioVersion = 16.0.810.0
MinimumVisualStudioVersion = 10.0.40219.1
Project("{FAE04EC0-301F-11D3-BF4B-00C04F79EFBC}") = "lab2", "lab2\lab2.csproj", "{73862CCF-0C4C-463D-9DD6-C62F6792AB25}"
EndProject
Global
	GlobalSection(SolutionConfigurationPlatforms) = preSolution
		Debug|anycpu = Debug|anycpu
		Release|anycpu = Release|anycpu
	EndGlobalSection
	GlobalSection(ProjectConfigurationPlatforms) = postSolution
		{73862CCF-0C4C-463D-9DD6-C62F6792AB25}.Debug|anycpu.ActiveCfg = Debug|anycpu
		{73862CCF-0C4C-463D-9DD6-C62F6792AB25}.Debug|anycpu.Build.0 = Debug|anycpu
		{73862CCF-0C4C-463D-9DD6-C62F6792AB25}.Release|anycpu.ActiveCfg = Release|anycpu
		{73862CCF-0C4C-463D-9DD6-C62F6792AB25}.Release|anycpu.Build.0 = Release|anycpu
	EndGlobalSection
	GlobalSection(SolutionProperties) = preSolution
		HideSolutionNode = FALSE
	EndGlobalSection
	GlobalSection(ExtensibilityGlobals) = postSolution
		SolutionGuid = {7EC23E9D-8898-4E46-BFEA-25B95E814A65}
	EndGlobalSection
EndGlobal
