
Microsoft Visual Studio Solution File, Format Version 12.00
# Visual Studio Version 17
VisualStudioVersion = 17.9.34622.214
MinimumVisualStudioVersion = 10.0.40219.1
Project("{FAE04EC0-301F-11D3-BF4B-00C04F79EFBC}") = "ЛР-8!", "ЛР-8!\ЛР-8!.csproj", "{0EA3EEAC-4C41-45D4-AB5F-90E61D045920}"
EndProject
Global
	GlobalSection(SolutionConfigurationPlatforms) = preSolution
		Debug|Any CPU = Debug|Any CPU
		Release|Any CPU = Release|Any CPU
	EndGlobalSection
	GlobalSection(ProjectConfigurationPlatforms) = postSolution
		{0EA3EEAC-4C41-45D4-AB5F-90E61D045920}.Debug|Any CPU.ActiveCfg = Debug|Any CPU
		{0EA3EEAC-4C41-45D4-AB5F-90E61D045920}.Debug|Any CPU.Build.0 = Debug|Any CPU
		{0EA3EEAC-4C41-45D4-AB5F-90E61D045920}.Release|Any CPU.ActiveCfg = Release|Any CPU
		{0EA3EEAC-4C41-45D4-AB5F-90E61D045920}.Release|Any CPU.Build.0 = Release|Any CPU
	EndGlobalSection
	GlobalSection(SolutionProperties) = preSolution
		HideSolutionNode = FALSE
	EndGlobalSection
	GlobalSection(ExtensibilityGlobals) = postSolution
		SolutionGuid = {54BBD93F-D42A-4896-9095-D4471BA50236}
	EndGlobalSection
EndGlobal
