
Microsoft Visual Studio Solution File, Format Version 12.00
# Visual Studio Version 17
VisualStudioVersion = 17.9.34723.18
MinimumVisualStudioVersion = 10.0.40219.1
Project("{FAE04EC0-301F-11D3-BF4B-00C04F79EFBC}") = "2.3(лаб 7)", "2.3(лаб 7)\2.3(лаб 7).csproj", "{F2652A13-FE8F-48B0-8544-67EF2153F2FB}"
EndProject
Global
	GlobalSection(SolutionConfigurationPlatforms) = preSolution
		Debug|Any CPU = Debug|Any CPU
		Release|Any CPU = Release|Any CPU
	EndGlobalSection
	GlobalSection(ProjectConfigurationPlatforms) = postSolution
		{F2652A13-FE8F-48B0-8544-67EF2153F2FB}.Debug|Any CPU.ActiveCfg = Debug|Any CPU
		{F2652A13-FE8F-48B0-8544-67EF2153F2FB}.Debug|Any CPU.Build.0 = Debug|Any CPU
		{F2652A13-FE8F-48B0-8544-67EF2153F2FB}.Release|Any CPU.ActiveCfg = Release|Any CPU
		{F2652A13-FE8F-48B0-8544-67EF2153F2FB}.Release|Any CPU.Build.0 = Release|Any CPU
	EndGlobalSection
	GlobalSection(SolutionProperties) = preSolution
		HideSolutionNode = FALSE
	EndGlobalSection
	GlobalSection(ExtensibilityGlobals) = postSolution
		SolutionGuid = {A7E9FE62-04A4-4C0E-92A1-2531693D6412}
	EndGlobalSection
EndGlobal
