
Microsoft Visual Studio Solution File, Format Version 12.00
# Visual Studio Version 17
VisualStudioVersion = 17.7.34024.191
MinimumVisualStudioVersion = 10.0.40219.1
Project("{FAE04EC0-301F-11D3-BF4B-00C04F79EFBC}") = "2 уровень", "2 уровень\2 уровень.csproj", "{F4A5A769-3343-4C6E-87F8-F8C77969C166}"
EndProject
Global
	GlobalSection(SolutionConfigurationPlatforms) = preSolution
		Debug|Any CPU = Debug|Any CPU
		Release|Any CPU = Release|Any CPU
	EndGlobalSection
	GlobalSection(ProjectConfigurationPlatforms) = postSolution
		{F4A5A769-3343-4C6E-87F8-F8C77969C166}.Debug|Any CPU.ActiveCfg = Debug|Any CPU
		{F4A5A769-3343-4C6E-87F8-F8C77969C166}.Debug|Any CPU.Build.0 = Debug|Any CPU
		{F4A5A769-3343-4C6E-87F8-F8C77969C166}.Release|Any CPU.ActiveCfg = Release|Any CPU
		{F4A5A769-3343-4C6E-87F8-F8C77969C166}.Release|Any CPU.Build.0 = Release|Any CPU
	EndGlobalSection
	GlobalSection(SolutionProperties) = preSolution
		HideSolutionNode = FALSE
	EndGlobalSection
	GlobalSection(ExtensibilityGlobals) = postSolution
		SolutionGuid = {44BC3E1F-078D-45B8-949A-205D981C161F}
	EndGlobalSection
EndGlobal
